
Microsoft Visual Studio Solution File, Format Version 12.00
Project("{F2A71F9B-5D33-465A-A702-920D77279786}") = "FunctionalShoppingCart", "FunctionalShoppingCart\FunctionalShoppingCart.fsproj", "{3612AADC-82E8-4921-8EDE-A7D8EBF5A012}"
EndProject
Global
	GlobalSection(SolutionConfigurationPlatforms) = preSolution
		Debug|Any CPU = Debug|Any CPU
		Release|Any CPU = Release|Any CPU
	EndGlobalSection
	GlobalSection(ProjectConfigurationPlatforms) = postSolution
		{3612AADC-82E8-4921-8EDE-A7D8EBF5A012}.Debug|Any CPU.ActiveCfg = Debug|Any CPU
		{3612AADC-82E8-4921-8EDE-A7D8EBF5A012}.Debug|Any CPU.Build.0 = Debug|Any CPU
		{3612AADC-82E8-4921-8EDE-A7D8EBF5A012}.Release|Any CPU.ActiveCfg = Release|Any CPU
		{3612AADC-82E8-4921-8EDE-A7D8EBF5A012}.Release|Any CPU.Build.0 = Release|Any CPU
	EndGlobalSection
EndGlobal
